// !$*UTF8*$!
{
	archiveVersion = 1;
	classes = {
	};
	objectVersion = 55;
	objects = {

/* Begin PBXBuildFile section */
		34E5E2A3BB38D301A731E2C8 /* Pods_GeulMark.framework in Frameworks */ = {isa = PBXBuildFile; fileRef = 93A78D68D00C9BF82295860B /* Pods_GeulMark.framework */; };
		4359BAA2C2963AFFB8FBFEBF /* Pods_GeulMark_GeulMarkUITests.framework in Frameworks */ = {isa = PBXBuildFile; fileRef = 92F98A823E6D7A34F6AF0E30 /* Pods_GeulMark_GeulMarkUITests.framework */; };
		47B305BEC7DFC3313682B6CA /* Pods_GeulMarkTests.framework in Frameworks */ = {isa = PBXBuildFile; fileRef = 09875BF901479EA2CE71ED26 /* Pods_GeulMarkTests.framework */; };
		DA73CEAD293713D300626F63 /* BlogListViewController.swift in Sources */ = {isa = PBXBuildFile; fileRef = DA73CEAC293713D300626F63 /* BlogListViewController.swift */; };
		DA73CEAF293713F700626F63 /* BookmarkListViewController.swift in Sources */ = {isa = PBXBuildFile; fileRef = DA73CEAE293713F700626F63 /* BookmarkListViewController.swift */; };
		DA73CEB12937170400626F63 /* SettingViewController.swift in Sources */ = {isa = PBXBuildFile; fileRef = DA73CEB02937170400626F63 /* SettingViewController.swift */; };
		DAECE9FE2935D573005D4A47 /* AppDelegate.swift in Sources */ = {isa = PBXBuildFile; fileRef = DAECE9FD2935D573005D4A47 /* AppDelegate.swift */; };
		DAECEA002935D573005D4A47 /* SceneDelegate.swift in Sources */ = {isa = PBXBuildFile; fileRef = DAECE9FF2935D573005D4A47 /* SceneDelegate.swift */; };
		DAECEA022935D573005D4A47 /* MainTabBarController.swift in Sources */ = {isa = PBXBuildFile; fileRef = DAECEA012935D573005D4A47 /* MainTabBarController.swift */; };
		DAECEA072935D574005D4A47 /* Assets.xcassets in Resources */ = {isa = PBXBuildFile; fileRef = DAECEA062935D574005D4A47 /* Assets.xcassets */; };
		DAECEA0A2935D574005D4A47 /* LaunchScreen.storyboard in Resources */ = {isa = PBXBuildFile; fileRef = DAECEA082935D574005D4A47 /* LaunchScreen.storyboard */; };
		DAECEA152935D574005D4A47 /* GeulMarkTests.swift in Sources */ = {isa = PBXBuildFile; fileRef = DAECEA142935D574005D4A47 /* GeulMarkTests.swift */; };
		DAECEA1F2935D574005D4A47 /* GeulMarkUITests.swift in Sources */ = {isa = PBXBuildFile; fileRef = DAECEA1E2935D574005D4A47 /* GeulMarkUITests.swift */; };
		DAECEA212935D574005D4A47 /* GeulMarkUITestsLaunchTests.swift in Sources */ = {isa = PBXBuildFile; fileRef = DAECEA202935D574005D4A47 /* GeulMarkUITestsLaunchTests.swift */; };
/* End PBXBuildFile section */

/* Begin PBXContainerItemProxy section */
		DAECEA112935D574005D4A47 /* PBXContainerItemProxy */ = {
			isa = PBXContainerItemProxy;
			containerPortal = DAECE9F22935D573005D4A47 /* Project object */;
			proxyType = 1;
			remoteGlobalIDString = DAECE9F92935D573005D4A47;
			remoteInfo = GeulMark;
		};
		DAECEA1B2935D574005D4A47 /* PBXContainerItemProxy */ = {
			isa = PBXContainerItemProxy;
			containerPortal = DAECE9F22935D573005D4A47 /* Project object */;
			proxyType = 1;
			remoteGlobalIDString = DAECE9F92935D573005D4A47;
			remoteInfo = GeulMark;
		};
/* End PBXContainerItemProxy section */

/* Begin PBXFileReference section */
		066E4D12E12676ECE066096A /* Pods-GeulMarkTests.release.xcconfig */ = {isa = PBXFileReference; includeInIndex = 1; lastKnownFileType = text.xcconfig; name = "Pods-GeulMarkTests.release.xcconfig"; path = "Target Support Files/Pods-GeulMarkTests/Pods-GeulMarkTests.release.xcconfig"; sourceTree = "<group>"; };
		09875BF901479EA2CE71ED26 /* Pods_GeulMarkTests.framework */ = {isa = PBXFileReference; explicitFileType = wrapper.framework; includeInIndex = 0; path = Pods_GeulMarkTests.framework; sourceTree = BUILT_PRODUCTS_DIR; };
		105B794748881F48139350D5 /* Pods-GeulMark.release.xcconfig */ = {isa = PBXFileReference; includeInIndex = 1; lastKnownFileType = text.xcconfig; name = "Pods-GeulMark.release.xcconfig"; path = "Target Support Files/Pods-GeulMark/Pods-GeulMark.release.xcconfig"; sourceTree = "<group>"; };
		623F7D13081BB28AD28AF605 /* Pods-GeulMark.debug.xcconfig */ = {isa = PBXFileReference; includeInIndex = 1; lastKnownFileType = text.xcconfig; name = "Pods-GeulMark.debug.xcconfig"; path = "Target Support Files/Pods-GeulMark/Pods-GeulMark.debug.xcconfig"; sourceTree = "<group>"; };
		88C57ECD619C5402A150C1C8 /* Pods-GeulMarkTests.debug.xcconfig */ = {isa = PBXFileReference; includeInIndex = 1; lastKnownFileType = text.xcconfig; name = "Pods-GeulMarkTests.debug.xcconfig"; path = "Target Support Files/Pods-GeulMarkTests/Pods-GeulMarkTests.debug.xcconfig"; sourceTree = "<group>"; };
		92F98A823E6D7A34F6AF0E30 /* Pods_GeulMark_GeulMarkUITests.framework */ = {isa = PBXFileReference; explicitFileType = wrapper.framework; includeInIndex = 0; path = Pods_GeulMark_GeulMarkUITests.framework; sourceTree = BUILT_PRODUCTS_DIR; };
		93A78D68D00C9BF82295860B /* Pods_GeulMark.framework */ = {isa = PBXFileReference; explicitFileType = wrapper.framework; includeInIndex = 0; path = Pods_GeulMark.framework; sourceTree = BUILT_PRODUCTS_DIR; };
		97ED6949DC4548753824CDEA /* Pods-GeulMark-GeulMarkUITests.release.xcconfig */ = {isa = PBXFileReference; includeInIndex = 1; lastKnownFileType = text.xcconfig; name = "Pods-GeulMark-GeulMarkUITests.release.xcconfig"; path = "Target Support Files/Pods-GeulMark-GeulMarkUITests/Pods-GeulMark-GeulMarkUITests.release.xcconfig"; sourceTree = "<group>"; };
		BA88BE60B43A36CB954B8111 /* Pods-GeulMark-GeulMarkUITests.debug.xcconfig */ = {isa = PBXFileReference; includeInIndex = 1; lastKnownFileType = text.xcconfig; name = "Pods-GeulMark-GeulMarkUITests.debug.xcconfig"; path = "Target Support Files/Pods-GeulMark-GeulMarkUITests/Pods-GeulMark-GeulMarkUITests.debug.xcconfig"; sourceTree = "<group>"; };
		DA73CEAC293713D300626F63 /* BlogListViewController.swift */ = {isa = PBXFileReference; lastKnownFileType = sourcecode.swift; path = BlogListViewController.swift; sourceTree = "<group>"; };
		DA73CEAE293713F700626F63 /* BookmarkListViewController.swift */ = {isa = PBXFileReference; lastKnownFileType = sourcecode.swift; path = BookmarkListViewController.swift; sourceTree = "<group>"; };
		DA73CEB02937170400626F63 /* SettingViewController.swift */ = {isa = PBXFileReference; lastKnownFileType = sourcecode.swift; path = SettingViewController.swift; sourceTree = "<group>"; };
		DAECE9FA2935D573005D4A47 /* GeulMark.app */ = {isa = PBXFileReference; explicitFileType = wrapper.application; includeInIndex = 0; path = GeulMark.app; sourceTree = BUILT_PRODUCTS_DIR; };
		DAECE9FD2935D573005D4A47 /* AppDelegate.swift */ = {isa = PBXFileReference; lastKnownFileType = sourcecode.swift; path = AppDelegate.swift; sourceTree = "<group>"; };
		DAECE9FF2935D573005D4A47 /* SceneDelegate.swift */ = {isa = PBXFileReference; lastKnownFileType = sourcecode.swift; path = SceneDelegate.swift; sourceTree = "<group>"; };
		DAECEA012935D573005D4A47 /* MainTabBarController.swift */ = {isa = PBXFileReference; lastKnownFileType = sourcecode.swift; path = MainTabBarController.swift; sourceTree = "<group>"; };
		DAECEA062935D574005D4A47 /* Assets.xcassets */ = {isa = PBXFileReference; lastKnownFileType = folder.assetcatalog; path = Assets.xcassets; sourceTree = "<group>"; };
		DAECEA092935D574005D4A47 /* Base */ = {isa = PBXFileReference; lastKnownFileType = file.storyboard; name = Base; path = Base.lproj/LaunchScreen.storyboard; sourceTree = "<group>"; };
		DAECEA0B2935D574005D4A47 /* Info.plist */ = {isa = PBXFileReference; lastKnownFileType = text.plist.xml; path = Info.plist; sourceTree = "<group>"; };
		DAECEA102935D574005D4A47 /* GeulMarkTests.xctest */ = {isa = PBXFileReference; explicitFileType = wrapper.cfbundle; includeInIndex = 0; path = GeulMarkTests.xctest; sourceTree = BUILT_PRODUCTS_DIR; };
		DAECEA142935D574005D4A47 /* GeulMarkTests.swift */ = {isa = PBXFileReference; lastKnownFileType = sourcecode.swift; path = GeulMarkTests.swift; sourceTree = "<group>"; };
		DAECEA1A2935D574005D4A47 /* GeulMarkUITests.xctest */ = {isa = PBXFileReference; explicitFileType = wrapper.cfbundle; includeInIndex = 0; path = GeulMarkUITests.xctest; sourceTree = BUILT_PRODUCTS_DIR; };
		DAECEA1E2935D574005D4A47 /* GeulMarkUITests.swift */ = {isa = PBXFileReference; lastKnownFileType = sourcecode.swift; path = GeulMarkUITests.swift; sourceTree = "<group>"; };
		DAECEA202935D574005D4A47 /* GeulMarkUITestsLaunchTests.swift */ = {isa = PBXFileReference; lastKnownFileType = sourcecode.swift; path = GeulMarkUITestsLaunchTests.swift; sourceTree = "<group>"; };
		DAECEA2D2935E0CF005D4A47 /* README.md */ = {isa = PBXFileReference; lastKnownFileType = net.daringfireball.markdown; path = README.md; sourceTree = "<group>"; };
/* End PBXFileReference section */

/* Begin PBXFrameworksBuildPhase section */
		DAECE9F72935D573005D4A47 /* Frameworks */ = {
			isa = PBXFrameworksBuildPhase;
			buildActionMask = 2147483647;
			files = (
				34E5E2A3BB38D301A731E2C8 /* Pods_GeulMark.framework in Frameworks */,
			);
			runOnlyForDeploymentPostprocessing = 0;
		};
		DAECEA0D2935D574005D4A47 /* Frameworks */ = {
			isa = PBXFrameworksBuildPhase;
			buildActionMask = 2147483647;
			files = (
				47B305BEC7DFC3313682B6CA /* Pods_GeulMarkTests.framework in Frameworks */,
			);
			runOnlyForDeploymentPostprocessing = 0;
		};
		DAECEA172935D574005D4A47 /* Frameworks */ = {
			isa = PBXFrameworksBuildPhase;
			buildActionMask = 2147483647;
			files = (
				4359BAA2C2963AFFB8FBFEBF /* Pods_GeulMark_GeulMarkUITests.framework in Frameworks */,
			);
			runOnlyForDeploymentPostprocessing = 0;
		};
/* End PBXFrameworksBuildPhase section */

/* Begin PBXGroup section */
		18487353C4C72FB9A88757B5 /* Frameworks */ = {
			isa = PBXGroup;
			children = (
				93A78D68D00C9BF82295860B /* Pods_GeulMark.framework */,
				92F98A823E6D7A34F6AF0E30 /* Pods_GeulMark_GeulMarkUITests.framework */,
				09875BF901479EA2CE71ED26 /* Pods_GeulMarkTests.framework */,
			);
			name = Frameworks;
			sourceTree = "<group>";
		};
		8229764367221300FEA8238F /* Pods */ = {
			isa = PBXGroup;
			children = (
				623F7D13081BB28AD28AF605 /* Pods-GeulMark.debug.xcconfig */,
				105B794748881F48139350D5 /* Pods-GeulMark.release.xcconfig */,
				BA88BE60B43A36CB954B8111 /* Pods-GeulMark-GeulMarkUITests.debug.xcconfig */,
				97ED6949DC4548753824CDEA /* Pods-GeulMark-GeulMarkUITests.release.xcconfig */,
				88C57ECD619C5402A150C1C8 /* Pods-GeulMarkTests.debug.xcconfig */,
				066E4D12E12676ECE066096A /* Pods-GeulMarkTests.release.xcconfig */,
			);
			path = Pods;
			sourceTree = "<group>";
		};
		DA73CEAB2937136B00626F63 /* Scenes */ = {
			isa = PBXGroup;
			children = (
				DAECEA012935D573005D4A47 /* MainTabBarController.swift */,
				DA73CEAC293713D300626F63 /* BlogListViewController.swift */,
				DA73CEAE293713F700626F63 /* BookmarkListViewController.swift */,
				DA73CEB02937170400626F63 /* SettingViewController.swift */,
			);
			path = Scenes;
			sourceTree = "<group>";
		};
		DAECE9F12935D573005D4A47 = {
			isa = PBXGroup;
			children = (
				DAECEA2D2935E0CF005D4A47 /* README.md */,
				DAECE9FC2935D573005D4A47 /* GeulMark */,
				DAECEA132935D574005D4A47 /* GeulMarkTests */,
				DAECEA1D2935D574005D4A47 /* GeulMarkUITests */,
				DAECE9FB2935D573005D4A47 /* Products */,
				8229764367221300FEA8238F /* Pods */,
				18487353C4C72FB9A88757B5 /* Frameworks */,
			);
			sourceTree = "<group>";
		};
		DAECE9FB2935D573005D4A47 /* Products */ = {
			isa = PBXGroup;
			children = (
				DAECE9FA2935D573005D4A47 /* GeulMark.app */,
				DAECEA102935D574005D4A47 /* GeulMarkTests.xctest */,
				DAECEA1A2935D574005D4A47 /* GeulMarkUITests.xctest */,
			);
			name = Products;
			sourceTree = "<group>";
		};
		DAECE9FC2935D573005D4A47 /* GeulMark */ = {
			isa = PBXGroup;
			children = (
				DA73CEAB2937136B00626F63 /* Scenes */,
				DAECE9FD2935D573005D4A47 /* AppDelegate.swift */,
				DAECE9FF2935D573005D4A47 /* SceneDelegate.swift */,
				DAECEA062935D574005D4A47 /* Assets.xcassets */,
				DAECEA082935D574005D4A47 /* LaunchScreen.storyboard */,
				DAECEA0B2935D574005D4A47 /* Info.plist */,
			);
			path = GeulMark;
			sourceTree = "<group>";
		};
		DAECEA132935D574005D4A47 /* GeulMarkTests */ = {
			isa = PBXGroup;
			children = (
				DAECEA142935D574005D4A47 /* GeulMarkTests.swift */,
			);
			path = GeulMarkTests;
			sourceTree = "<group>";
		};
		DAECEA1D2935D574005D4A47 /* GeulMarkUITests */ = {
			isa = PBXGroup;
			children = (
				DAECEA1E2935D574005D4A47 /* GeulMarkUITests.swift */,
				DAECEA202935D574005D4A47 /* GeulMarkUITestsLaunchTests.swift */,
			);
			path = GeulMarkUITests;
			sourceTree = "<group>";
		};
/* End PBXGroup section */

/* Begin PBXNativeTarget section */
		DAECE9F92935D573005D4A47 /* GeulMark */ = {
			isa = PBXNativeTarget;
			buildConfigurationList = DAECEA242935D574005D4A47 /* Build configuration list for PBXNativeTarget "GeulMark" */;
			buildPhases = (
				6A6A75EDE5235488BC0AC451 /* [CP] Check Pods Manifest.lock */,
				DAECE9F62935D573005D4A47 /* Sources */,
				DAECE9F72935D573005D4A47 /* Frameworks */,
				DAECE9F82935D573005D4A47 /* Resources */,
				47B030C9312E16C3A1B0119E /* [CP] Embed Pods Frameworks */,
				DAECEA2F2935EF32005D4A47 /* SwiftLint */,
			);
			buildRules = (
			);
			dependencies = (
			);
			name = GeulMark;
			productName = GeulMark;
			productReference = DAECE9FA2935D573005D4A47 /* GeulMark.app */;
			productType = "com.apple.product-type.application";
		};
		DAECEA0F2935D574005D4A47 /* GeulMarkTests */ = {
			isa = PBXNativeTarget;
			buildConfigurationList = DAECEA272935D574005D4A47 /* Build configuration list for PBXNativeTarget "GeulMarkTests" */;
			buildPhases = (
				D00060766E24DD7DE6731DDE /* [CP] Check Pods Manifest.lock */,
				DAECEA0C2935D574005D4A47 /* Sources */,
				DAECEA0D2935D574005D4A47 /* Frameworks */,
				DAECEA0E2935D574005D4A47 /* Resources */,
			);
			buildRules = (
			);
			dependencies = (
				DAECEA122935D574005D4A47 /* PBXTargetDependency */,
			);
			name = GeulMarkTests;
			productName = GeulMarkTests;
			productReference = DAECEA102935D574005D4A47 /* GeulMarkTests.xctest */;
			productType = "com.apple.product-type.bundle.unit-test";
		};
		DAECEA192935D574005D4A47 /* GeulMarkUITests */ = {
			isa = PBXNativeTarget;
			buildConfigurationList = DAECEA2A2935D574005D4A47 /* Build configuration list for PBXNativeTarget "GeulMarkUITests" */;
			buildPhases = (
				3819CD839E634B64AC8FCF38 /* [CP] Check Pods Manifest.lock */,
				DAECEA162935D574005D4A47 /* Sources */,
				DAECEA172935D574005D4A47 /* Frameworks */,
				DAECEA182935D574005D4A47 /* Resources */,
				77414F7BB7B5F747D354358A /* [CP] Embed Pods Frameworks */,
			);
			buildRules = (
			);
			dependencies = (
				DAECEA1C2935D574005D4A47 /* PBXTargetDependency */,
			);
			name = GeulMarkUITests;
			productName = GeulMarkUITests;
			productReference = DAECEA1A2935D574005D4A47 /* GeulMarkUITests.xctest */;
			productType = "com.apple.product-type.bundle.ui-testing";
		};
/* End PBXNativeTarget section */

/* Begin PBXProject section */
		DAECE9F22935D573005D4A47 /* Project object */ = {
			isa = PBXProject;
			attributes = {
				BuildIndependentTargetsInParallel = 1;
				LastSwiftUpdateCheck = 1410;
				LastUpgradeCheck = 1410;
				TargetAttributes = {
					DAECE9F92935D573005D4A47 = {
						CreatedOnToolsVersion = 14.1;
					};
					DAECEA0F2935D574005D4A47 = {
						CreatedOnToolsVersion = 14.1;
						TestTargetID = DAECE9F92935D573005D4A47;
					};
					DAECEA192935D574005D4A47 = {
						CreatedOnToolsVersion = 14.1;
						TestTargetID = DAECE9F92935D573005D4A47;
					};
				};
			};
			buildConfigurationList = DAECE9F52935D573005D4A47 /* Build configuration list for PBXProject "GeulMark" */;
			compatibilityVersion = "Xcode 13.0";
			developmentRegion = en;
			hasScannedForEncodings = 0;
			knownRegions = (
				en,
				Base,
			);
			mainGroup = DAECE9F12935D573005D4A47;
			productRefGroup = DAECE9FB2935D573005D4A47 /* Products */;
			projectDirPath = "";
			projectRoot = "";
			targets = (
				DAECE9F92935D573005D4A47 /* GeulMark */,
				DAECEA0F2935D574005D4A47 /* GeulMarkTests */,
				DAECEA192935D574005D4A47 /* GeulMarkUITests */,
			);
		};
/* End PBXProject section */

/* Begin PBXResourcesBuildPhase section */
		DAECE9F82935D573005D4A47 /* Resources */ = {
			isa = PBXResourcesBuildPhase;
			buildActionMask = 2147483647;
			files = (
				DAECEA0A2935D574005D4A47 /* LaunchScreen.storyboard in Resources */,
				DAECEA072935D574005D4A47 /* Assets.xcassets in Resources */,
			);
			runOnlyForDeploymentPostprocessing = 0;
		};
		DAECEA0E2935D574005D4A47 /* Resources */ = {
			isa = PBXResourcesBuildPhase;
			buildActionMask = 2147483647;
			files = (
			);
			runOnlyForDeploymentPostprocessing = 0;
		};
		DAECEA182935D574005D4A47 /* Resources */ = {
			isa = PBXResourcesBuildPhase;
			buildActionMask = 2147483647;
			files = (
			);
			runOnlyForDeploymentPostprocessing = 0;
		};
/* End PBXResourcesBuildPhase section */

/* Begin PBXShellScriptBuildPhase section */
		3819CD839E634B64AC8FCF38 /* [CP] Check Pods Manifest.lock */ = {
			isa = PBXShellScriptBuildPhase;
			buildActionMask = 2147483647;
			files = (
			);
			inputFileListPaths = (
			);
			inputPaths = (
				"${PODS_PODFILE_DIR_PATH}/Podfile.lock",
				"${PODS_ROOT}/Manifest.lock",
			);
			name = "[CP] Check Pods Manifest.lock";
			outputFileListPaths = (
			);
			outputPaths = (
				"$(DERIVED_FILE_DIR)/Pods-GeulMark-GeulMarkUITests-checkManifestLockResult.txt",
			);
			runOnlyForDeploymentPostprocessing = 0;
			shellPath = /bin/sh;
			shellScript = "diff \"${PODS_PODFILE_DIR_PATH}/Podfile.lock\" \"${PODS_ROOT}/Manifest.lock\" > /dev/null\nif [ $? != 0 ] ; then\n    # print error to STDERR\n    echo \"error: The sandbox is not in sync with the Podfile.lock. Run 'pod install' or update your CocoaPods installation.\" >&2\n    exit 1\nfi\n# This output is used by Xcode 'outputs' to avoid re-running this script phase.\necho \"SUCCESS\" > \"${SCRIPT_OUTPUT_FILE_0}\"\n";
			showEnvVarsInLog = 0;
		};
		47B030C9312E16C3A1B0119E /* [CP] Embed Pods Frameworks */ = {
			isa = PBXShellScriptBuildPhase;
			buildActionMask = 2147483647;
			files = (
			);
			inputFileListPaths = (
				"${PODS_ROOT}/Target Support Files/Pods-GeulMark/Pods-GeulMark-frameworks-${CONFIGURATION}-input-files.xcfilelist",
			);
			name = "[CP] Embed Pods Frameworks";
			outputFileListPaths = (
				"${PODS_ROOT}/Target Support Files/Pods-GeulMark/Pods-GeulMark-frameworks-${CONFIGURATION}-output-files.xcfilelist",
			);
			runOnlyForDeploymentPostprocessing = 0;
			shellPath = /bin/sh;
			shellScript = "\"${PODS_ROOT}/Target Support Files/Pods-GeulMark/Pods-GeulMark-frameworks.sh\"\n";
			showEnvVarsInLog = 0;
		};
		6A6A75EDE5235488BC0AC451 /* [CP] Check Pods Manifest.lock */ = {
			isa = PBXShellScriptBuildPhase;
			buildActionMask = 2147483647;
			files = (
			);
			inputFileListPaths = (
			);
			inputPaths = (
				"${PODS_PODFILE_DIR_PATH}/Podfile.lock",
				"${PODS_ROOT}/Manifest.lock",
			);
			name = "[CP] Check Pods Manifest.lock";
			outputFileListPaths = (
			);
			outputPaths = (
				"$(DERIVED_FILE_DIR)/Pods-GeulMark-checkManifestLockResult.txt",
			);
			runOnlyForDeploymentPostprocessing = 0;
			shellPath = /bin/sh;
			shellScript = "diff \"${PODS_PODFILE_DIR_PATH}/Podfile.lock\" \"${PODS_ROOT}/Manifest.lock\" > /dev/null\nif [ $? != 0 ] ; then\n    # print error to STDERR\n    echo \"error: The sandbox is not in sync with the Podfile.lock. Run 'pod install' or update your CocoaPods installation.\" >&2\n    exit 1\nfi\n# This output is used by Xcode 'outputs' to avoid re-running this script phase.\necho \"SUCCESS\" > \"${SCRIPT_OUTPUT_FILE_0}\"\n";
			showEnvVarsInLog = 0;
		};
		77414F7BB7B5F747D354358A /* [CP] Embed Pods Frameworks */ = {
			isa = PBXShellScriptBuildPhase;
			buildActionMask = 2147483647;
			files = (
			);
			inputFileListPaths = (
				"${PODS_ROOT}/Target Support Files/Pods-GeulMark-GeulMarkUITests/Pods-GeulMark-GeulMarkUITests-frameworks-${CONFIGURATION}-input-files.xcfilelist",
			);
			name = "[CP] Embed Pods Frameworks";
			outputFileListPaths = (
				"${PODS_ROOT}/Target Support Files/Pods-GeulMark-GeulMarkUITests/Pods-GeulMark-GeulMarkUITests-frameworks-${CONFIGURATION}-output-files.xcfilelist",
			);
			runOnlyForDeploymentPostprocessing = 0;
			shellPath = /bin/sh;
			shellScript = "\"${PODS_ROOT}/Target Support Files/Pods-GeulMark-GeulMarkUITests/Pods-GeulMark-GeulMarkUITests-frameworks.sh\"\n";
			showEnvVarsInLog = 0;
		};
		D00060766E24DD7DE6731DDE /* [CP] Check Pods Manifest.lock */ = {
			isa = PBXShellScriptBuildPhase;
			buildActionMask = 2147483647;
			files = (
			);
			inputFileListPaths = (
			);
			inputPaths = (
				"${PODS_PODFILE_DIR_PATH}/Podfile.lock",
				"${PODS_ROOT}/Manifest.lock",
			);
			name = "[CP] Check Pods Manifest.lock";
			outputFileListPaths = (
			);
			outputPaths = (
				"$(DERIVED_FILE_DIR)/Pods-GeulMarkTests-checkManifestLockResult.txt",
			);
			runOnlyForDeploymentPostprocessing = 0;
			shellPath = /bin/sh;
			shellScript = "diff \"${PODS_PODFILE_DIR_PATH}/Podfile.lock\" \"${PODS_ROOT}/Manifest.lock\" > /dev/null\nif [ $? != 0 ] ; then\n    # print error to STDERR\n    echo \"error: The sandbox is not in sync with the Podfile.lock. Run 'pod install' or update your CocoaPods installation.\" >&2\n    exit 1\nfi\n# This output is used by Xcode 'outputs' to avoid re-running this script phase.\necho \"SUCCESS\" > \"${SCRIPT_OUTPUT_FILE_0}\"\n";
			showEnvVarsInLog = 0;
		};
		DAECEA2F2935EF32005D4A47 /* SwiftLint */ = {
			isa = PBXShellScriptBuildPhase;
			alwaysOutOfDate = 1;
			buildActionMask = 2147483647;
			files = (
			);
			inputFileListPaths = (
			);
			inputPaths = (
			);
			name = SwiftLint;
			outputFileListPaths = (
			);
			outputPaths = (
			);
			runOnlyForDeploymentPostprocessing = 0;
			shellPath = /bin/sh;
			shellScript = "${PODS_ROOT}/SwiftLint/swiftlint\n";
		};
/* End PBXShellScriptBuildPhase section */

/* Begin PBXSourcesBuildPhase section */
		DAECE9F62935D573005D4A47 /* Sources */ = {
			isa = PBXSourcesBuildPhase;
			buildActionMask = 2147483647;
			files = (
				DAECEA022935D573005D4A47 /* MainTabBarController.swift in Sources */,
				DAECE9FE2935D573005D4A47 /* AppDelegate.swift in Sources */,
				DA73CEAD293713D300626F63 /* BlogListViewController.swift in Sources */,
				DA73CEAF293713F700626F63 /* BookmarkListViewController.swift in Sources */,
				DAECEA002935D573005D4A47 /* SceneDelegate.swift in Sources */,
				DA73CEB12937170400626F63 /* SettingViewController.swift in Sources */,
			);
			runOnlyForDeploymentPostprocessing = 0;
		};
		DAECEA0C2935D574005D4A47 /* Sources */ = {
			isa = PBXSourcesBuildPhase;
			buildActionMask = 2147483647;
			files = (
				DAECEA152935D574005D4A47 /* GeulMarkTests.swift in Sources */,
			);
			runOnlyForDeploymentPostprocessing = 0;
		};
		DAECEA162935D574005D4A47 /* Sources */ = {
			isa = PBXSourcesBuildPhase;
			buildActionMask = 2147483647;
			files = (
				DAECEA212935D574005D4A47 /* GeulMarkUITestsLaunchTests.swift in Sources */,
				DAECEA1F2935D574005D4A47 /* GeulMarkUITests.swift in Sources */,
			);
			runOnlyForDeploymentPostprocessing = 0;
		};
/* End PBXSourcesBuildPhase section */

/* Begin PBXTargetDependency section */
		DAECEA122935D574005D4A47 /* PBXTargetDependency */ = {
			isa = PBXTargetDependency;
			target = DAECE9F92935D573005D4A47 /* GeulMark */;
			targetProxy = DAECEA112935D574005D4A47 /* PBXContainerItemProxy */;
		};
		DAECEA1C2935D574005D4A47 /* PBXTargetDependency */ = {
			isa = PBXTargetDependency;
			target = DAECE9F92935D573005D4A47 /* GeulMark */;
			targetProxy = DAECEA1B2935D574005D4A47 /* PBXContainerItemProxy */;
		};
/* End PBXTargetDependency section */

/* Begin PBXVariantGroup section */
		DAECEA082935D574005D4A47 /* LaunchScreen.storyboard */ = {
			isa = PBXVariantGroup;
			children = (
				DAECEA092935D574005D4A47 /* Base */,
			);
			name = LaunchScreen.storyboard;
			sourceTree = "<group>";
		};
/* End PBXVariantGroup section */

/* Begin XCBuildConfiguration section */
		DAECEA222935D574005D4A47 /* Debug */ = {
			isa = XCBuildConfiguration;
			buildSettings = {
				ALWAYS_SEARCH_USER_PATHS = NO;
				CLANG_ANALYZER_NONNULL = YES;
				CLANG_ANALYZER_NUMBER_OBJECT_CONVERSION = YES_AGGRESSIVE;
				CLANG_CXX_LANGUAGE_STANDARD = "gnu++20";
				CLANG_ENABLE_MODULES = YES;
				CLANG_ENABLE_OBJC_ARC = YES;
				CLANG_ENABLE_OBJC_WEAK = YES;
				CLANG_WARN_BLOCK_CAPTURE_AUTORELEASING = YES;
				CLANG_WARN_BOOL_CONVERSION = YES;
				CLANG_WARN_COMMA = YES;
				CLANG_WARN_CONSTANT_CONVERSION = YES;
				CLANG_WARN_DEPRECATED_OBJC_IMPLEMENTATIONS = YES;
				CLANG_WARN_DIRECT_OBJC_ISA_USAGE = YES_ERROR;
				CLANG_WARN_DOCUMENTATION_COMMENTS = YES;
				CLANG_WARN_EMPTY_BODY = YES;
				CLANG_WARN_ENUM_CONVERSION = YES;
				CLANG_WARN_INFINITE_RECURSION = YES;
				CLANG_WARN_INT_CONVERSION = YES;
				CLANG_WARN_NON_LITERAL_NULL_CONVERSION = YES;
				CLANG_WARN_OBJC_IMPLICIT_RETAIN_SELF = YES;
				CLANG_WARN_OBJC_LITERAL_CONVERSION = YES;
				CLANG_WARN_OBJC_ROOT_CLASS = YES_ERROR;
				CLANG_WARN_QUOTED_INCLUDE_IN_FRAMEWORK_HEADER = YES;
				CLANG_WARN_RANGE_LOOP_ANALYSIS = YES;
				CLANG_WARN_STRICT_PROTOTYPES = YES;
				CLANG_WARN_SUSPICIOUS_MOVE = YES;
				CLANG_WARN_UNGUARDED_AVAILABILITY = YES_AGGRESSIVE;
				CLANG_WARN_UNREACHABLE_CODE = YES;
				CLANG_WARN__DUPLICATE_METHOD_MATCH = YES;
				COPY_PHASE_STRIP = NO;
				DEBUG_INFORMATION_FORMAT = dwarf;
				ENABLE_STRICT_OBJC_MSGSEND = YES;
				ENABLE_TESTABILITY = YES;
				GCC_C_LANGUAGE_STANDARD = gnu11;
				GCC_DYNAMIC_NO_PIC = NO;
				GCC_NO_COMMON_BLOCKS = YES;
				GCC_OPTIMIZATION_LEVEL = 0;
				GCC_PREPROCESSOR_DEFINITIONS = (
					"DEBUG=1",
					"$(inherited)",
				);
				GCC_WARN_64_TO_32_BIT_CONVERSION = YES;
				GCC_WARN_ABOUT_RETURN_TYPE = YES_ERROR;
				GCC_WARN_UNDECLARED_SELECTOR = YES;
				GCC_WARN_UNINITIALIZED_AUTOS = YES_AGGRESSIVE;
				GCC_WARN_UNUSED_FUNCTION = YES;
				GCC_WARN_UNUSED_VARIABLE = YES;
				IPHONEOS_DEPLOYMENT_TARGET = 14.0;
				MTL_ENABLE_DEBUG_INFO = INCLUDE_SOURCE;
				MTL_FAST_MATH = YES;
				ONLY_ACTIVE_ARCH = YES;
				SDKROOT = iphoneos;
				SWIFT_ACTIVE_COMPILATION_CONDITIONS = DEBUG;
				SWIFT_OPTIMIZATION_LEVEL = "-Onone";
			};
			name = Debug;
		};
		DAECEA232935D574005D4A47 /* Release */ = {
			isa = XCBuildConfiguration;
			buildSettings = {
				ALWAYS_SEARCH_USER_PATHS = NO;
				CLANG_ANALYZER_NONNULL = YES;
				CLANG_ANALYZER_NUMBER_OBJECT_CONVERSION = YES_AGGRESSIVE;
				CLANG_CXX_LANGUAGE_STANDARD = "gnu++20";
				CLANG_ENABLE_MODULES = YES;
				CLANG_ENABLE_OBJC_ARC = YES;
				CLANG_ENABLE_OBJC_WEAK = YES;
				CLANG_WARN_BLOCK_CAPTURE_AUTORELEASING = YES;
				CLANG_WARN_BOOL_CONVERSION = YES;
				CLANG_WARN_COMMA = YES;
				CLANG_WARN_CONSTANT_CONVERSION = YES;
				CLANG_WARN_DEPRECATED_OBJC_IMPLEMENTATIONS = YES;
				CLANG_WARN_DIRECT_OBJC_ISA_USAGE = YES_ERROR;
				CLANG_WARN_DOCUMENTATION_COMMENTS = YES;
				CLANG_WARN_EMPTY_BODY = YES;
				CLANG_WARN_ENUM_CONVERSION = YES;
				CLANG_WARN_INFINITE_RECURSION = YES;
				CLANG_WARN_INT_CONVERSION = YES;
				CLANG_WARN_NON_LITERAL_NULL_CONVERSION = YES;
				CLANG_WARN_OBJC_IMPLICIT_RETAIN_SELF = YES;
				CLANG_WARN_OBJC_LITERAL_CONVERSION = YES;
				CLANG_WARN_OBJC_ROOT_CLASS = YES_ERROR;
				CLANG_WARN_QUOTED_INCLUDE_IN_FRAMEWORK_HEADER = YES;
				CLANG_WARN_RANGE_LOOP_ANALYSIS = YES;
				CLANG_WARN_STRICT_PROTOTYPES = YES;
				CLANG_WARN_SUSPICIOUS_MOVE = YES;
				CLANG_WARN_UNGUARDED_AVAILABILITY = YES_AGGRESSIVE;
				CLANG_WARN_UNREACHABLE_CODE = YES;
				CLANG_WARN__DUPLICATE_METHOD_MATCH = YES;
				COPY_PHASE_STRIP = NO;
				DEBUG_INFORMATION_FORMAT = "dwarf-with-dsym";
				ENABLE_NS_ASSERTIONS = NO;
				ENABLE_STRICT_OBJC_MSGSEND = YES;
				GCC_C_LANGUAGE_STANDARD = gnu11;
				GCC_NO_COMMON_BLOCKS = YES;
				GCC_WARN_64_TO_32_BIT_CONVERSION = YES;
				GCC_WARN_ABOUT_RETURN_TYPE = YES_ERROR;
				GCC_WARN_UNDECLARED_SELECTOR = YES;
				GCC_WARN_UNINITIALIZED_AUTOS = YES_AGGRESSIVE;
				GCC_WARN_UNUSED_FUNCTION = YES;
				GCC_WARN_UNUSED_VARIABLE = YES;
				IPHONEOS_DEPLOYMENT_TARGET = 14.0;
				MTL_ENABLE_DEBUG_INFO = NO;
				MTL_FAST_MATH = YES;
				SDKROOT = iphoneos;
				SWIFT_COMPILATION_MODE = wholemodule;
				SWIFT_OPTIMIZATION_LEVEL = "-O";
				VALIDATE_PRODUCT = YES;
			};
			name = Release;
		};
		DAECEA252935D574005D4A47 /* Debug */ = {
			isa = XCBuildConfiguration;
			baseConfigurationReference = 623F7D13081BB28AD28AF605 /* Pods-GeulMark.debug.xcconfig */;
			buildSettings = {
				ASSETCATALOG_COMPILER_APPICON_NAME = AppIcon;
				ASSETCATALOG_COMPILER_GLOBAL_ACCENT_COLOR_NAME = AccentColor;
				CODE_SIGN_STYLE = Automatic;
				CURRENT_PROJECT_VERSION = 1;
				DEVELOPMENT_TEAM = MF7FTLWYJ6;
				GENERATE_INFOPLIST_FILE = YES;
				INFOPLIST_FILE = GeulMark/Info.plist;
				INFOPLIST_KEY_UIApplicationSupportsIndirectInputEvents = YES;
				INFOPLIST_KEY_UILaunchStoryboardName = LaunchScreen;
				INFOPLIST_KEY_UISupportedInterfaceOrientations_iPad = "UIInterfaceOrientationPortrait UIInterfaceOrientationPortraitUpsideDown UIInterfaceOrientationLandscapeLeft UIInterfaceOrientationLandscapeRight";
				INFOPLIST_KEY_UISupportedInterfaceOrientations_iPhone = "UIInterfaceOrientationPortrait UIInterfaceOrientationLandscapeLeft UIInterfaceOrientationLandscapeRight";
				IPHONEOS_DEPLOYMENT_TARGET = 14.0;
				LD_RUNPATH_SEARCH_PATHS = (
					"$(inherited)",
					"@executable_path/Frameworks",
				);
				MARKETING_VERSION = 1.0;
				PRODUCT_BUNDLE_IDENTIFIER = com.paulkisq.GeulMark;
				PRODUCT_NAME = "$(TARGET_NAME)";
				SWIFT_EMIT_LOC_STRINGS = YES;
				SWIFT_VERSION = 5.0;
				TARGETED_DEVICE_FAMILY = "1,2";
			};
			name = Debug;
		};
		DAECEA262935D574005D4A47 /* Release */ = {
			isa = XCBuildConfiguration;
			baseConfigurationReference = 105B794748881F48139350D5 /* Pods-GeulMark.release.xcconfig */;
			buildSettings = {
				ASSETCATALOG_COMPILER_APPICON_NAME = AppIcon;
				ASSETCATALOG_COMPILER_GLOBAL_ACCENT_COLOR_NAME = AccentColor;
				CODE_SIGN_STYLE = Automatic;
				CURRENT_PROJECT_VERSION = 1;
				DEVELOPMENT_TEAM = MF7FTLWYJ6;
				GENERATE_INFOPLIST_FILE = YES;
				INFOPLIST_FILE = GeulMark/Info.plist;
				INFOPLIST_KEY_UIApplicationSupportsIndirectInputEvents = YES;
				INFOPLIST_KEY_UILaunchStoryboardName = LaunchScreen;
				INFOPLIST_KEY_UISupportedInterfaceOrientations_iPad = "UIInterfaceOrientationPortrait UIInterfaceOrientationPortraitUpsideDown UIInterfaceOrientationLandscapeLeft UIInterfaceOrientationLandscapeRight";
				INFOPLIST_KEY_UISupportedInterfaceOrientations_iPhone = "UIInterfaceOrientationPortrait UIInterfaceOrientationLandscapeLeft UIInterfaceOrientationLandscapeRight";
				IPHONEOS_DEPLOYMENT_TARGET = 14.0;
				LD_RUNPATH_SEARCH_PATHS = (
					"$(inherited)",
					"@executable_path/Frameworks",
				);
				MARKETING_VERSION = 1.0;
				PRODUCT_BUNDLE_IDENTIFIER = com.paulkisq.GeulMark;
				PRODUCT_NAME = "$(TARGET_NAME)";
				SWIFT_EMIT_LOC_STRINGS = YES;
				SWIFT_VERSION = 5.0;
				TARGETED_DEVICE_FAMILY = "1,2";
			};
			name = Release;
		};
		DAECEA282935D574005D4A47 /* Debug */ = {
			isa = XCBuildConfiguration;
			baseConfigurationReference = 88C57ECD619C5402A150C1C8 /* Pods-GeulMarkTests.debug.xcconfig */;
			buildSettings = {
				ALWAYS_EMBED_SWIFT_STANDARD_LIBRARIES = YES;
				BUNDLE_LOADER = "$(TEST_HOST)";
				CODE_SIGN_STYLE = Automatic;
				CURRENT_PROJECT_VERSION = 1;
				DEVELOPMENT_TEAM = MF7FTLWYJ6;
				GENERATE_INFOPLIST_FILE = YES;
				IPHONEOS_DEPLOYMENT_TARGET = 14.0;
				MARKETING_VERSION = 1.0;
				PRODUCT_BUNDLE_IDENTIFIER = com.paulkisq.GeulMarkTests;
				PRODUCT_NAME = "$(TARGET_NAME)";
				SWIFT_EMIT_LOC_STRINGS = NO;
				SWIFT_VERSION = 5.0;
				TARGETED_DEVICE_FAMILY = "1,2";
				TEST_HOST = "$(BUILT_PRODUCTS_DIR)/GeulMark.app/$(BUNDLE_EXECUTABLE_FOLDER_PATH)/GeulMark";
			};
			name = Debug;
		};
		DAECEA292935D574005D4A47 /* Release */ = {
			isa = XCBuildConfiguration;
			baseConfigurationReference = 066E4D12E12676ECE066096A /* Pods-GeulMarkTests.release.xcconfig */;
			buildSettings = {
				ALWAYS_EMBED_SWIFT_STANDARD_LIBRARIES = YES;
				BUNDLE_LOADER = "$(TEST_HOST)";
				CODE_SIGN_STYLE = Automatic;
				CURRENT_PROJECT_VERSION = 1;
				DEVELOPMENT_TEAM = MF7FTLWYJ6;
				GENERATE_INFOPLIST_FILE = YES;
				IPHONEOS_DEPLOYMENT_TARGET = 14.0;
				MARKETING_VERSION = 1.0;
				PRODUCT_BUNDLE_IDENTIFIER = com.paulkisq.GeulMarkTests;
				PRODUCT_NAME = "$(TARGET_NAME)";
				SWIFT_EMIT_LOC_STRINGS = NO;
				SWIFT_VERSION = 5.0;
				TARGETED_DEVICE_FAMILY = "1,2";
				TEST_HOST = "$(BUILT_PRODUCTS_DIR)/GeulMark.app/$(BUNDLE_EXECUTABLE_FOLDER_PATH)/GeulMark";
			};
			name = Release;
		};
		DAECEA2B2935D574005D4A47 /* Debug */ = {
			isa = XCBuildConfiguration;
			baseConfigurationReference = BA88BE60B43A36CB954B8111 /* Pods-GeulMark-GeulMarkUITests.debug.xcconfig */;
			buildSettings = {
				ALWAYS_EMBED_SWIFT_STANDARD_LIBRARIES = YES;
				CODE_SIGN_STYLE = Automatic;
				CURRENT_PROJECT_VERSION = 1;
				DEVELOPMENT_TEAM = MF7FTLWYJ6;
				GENERATE_INFOPLIST_FILE = YES;
				MARKETING_VERSION = 1.0;
				PRODUCT_BUNDLE_IDENTIFIER = com.paulkisq.GeulMarkUITests;
				PRODUCT_NAME = "$(TARGET_NAME)";
				SWIFT_EMIT_LOC_STRINGS = NO;
				SWIFT_VERSION = 5.0;
				TARGETED_DEVICE_FAMILY = "1,2";
				TEST_TARGET_NAME = GeulMark;
			};
			name = Debug;
		};
		DAECEA2C2935D574005D4A47 /* Release */ = {
			isa = XCBuildConfiguration;
			baseConfigurationReference = 97ED6949DC4548753824CDEA /* Pods-GeulMark-GeulMarkUITests.release.xcconfig */;
			buildSettings = {
				ALWAYS_EMBED_SWIFT_STANDARD_LIBRARIES = YES;
				CODE_SIGN_STYLE = Automatic;
				CURRENT_PROJECT_VERSION = 1;
				DEVELOPMENT_TEAM = MF7FTLWYJ6;
				GENERATE_INFOPLIST_FILE = YES;
				MARKETING_VERSION = 1.0;
				PRODUCT_BUNDLE_IDENTIFIER = com.paulkisq.GeulMarkUITests;
				PRODUCT_NAME = "$(TARGET_NAME)";
				SWIFT_EMIT_LOC_STRINGS = NO;
				SWIFT_VERSION = 5.0;
				TARGETED_DEVICE_FAMILY = "1,2";
				TEST_TARGET_NAME = GeulMark;
			};
			name = Release;
		};
/* End XCBuildConfiguration section */

/* Begin XCConfigurationList section */
		DAECE9F52935D573005D4A47 /* Build configuration list for PBXProject "GeulMark" */ = {
			isa = XCConfigurationList;
			buildConfigurations = (
				DAECEA222935D574005D4A47 /* Debug */,
				DAECEA232935D574005D4A47 /* Release */,
			);
			defaultConfigurationIsVisible = 0;
			defaultConfigurationName = Release;
		};
		DAECEA242935D574005D4A47 /* Build configuration list for PBXNativeTarget "GeulMark" */ = {
			isa = XCConfigurationList;
			buildConfigurations = (
				DAECEA252935D574005D4A47 /* Debug */,
				DAECEA262935D574005D4A47 /* Release */,
			);
			defaultConfigurationIsVisible = 0;
			defaultConfigurationName = Release;
		};
		DAECEA272935D574005D4A47 /* Build configuration list for PBXNativeTarget "GeulMarkTests" */ = {
			isa = XCConfigurationList;
			buildConfigurations = (
				DAECEA282935D574005D4A47 /* Debug */,
				DAECEA292935D574005D4A47 /* Release */,
			);
			defaultConfigurationIsVisible = 0;
			defaultConfigurationName = Release;
		};
		DAECEA2A2935D574005D4A47 /* Build configuration list for PBXNativeTarget "GeulMarkUITests" */ = {
			isa = XCConfigurationList;
			buildConfigurations = (
				DAECEA2B2935D574005D4A47 /* Debug */,
				DAECEA2C2935D574005D4A47 /* Release */,
			);
			defaultConfigurationIsVisible = 0;
			defaultConfigurationName = Release;
		};
/* End XCConfigurationList section */
	};
	rootObject = DAECE9F22935D573005D4A47 /* Project object */;
}
