// !$*UTF8*$!
{
	archiveVersion = 1;
	classes = {
	};
	objectVersion = 56;
	objects = {

/* Begin PBXBuildFile section */
		DAECE9FE2935D573005D4A47 /* AppDelegate.swift in Sources */ = {isa = PBXBuildFile; fileRef = DAECE9FD2935D573005D4A47 /* AppDelegate.swift */; };
		DAECEA002935D573005D4A47 /* SceneDelegate.swift in Sources */ = {isa = PBXBuildFile; fileRef = DAECE9FF2935D573005D4A47 /* SceneDelegate.swift */; };
		DAECEA022935D573005D4A47 /* ViewController.swift in Sources */ = {isa = PBXBuildFile; fileRef = DAECEA012935D573005D4A47 /* ViewController.swift */; };
		DAECEA052935D573005D4A47 /* Main.storyboard in Resources */ = {isa = PBXBuildFile; fileRef = DAECEA032935D573005D4A47 /* Main.storyboard */; };
		DAECEA072935D574005D4A47 /* Assets.xcassets in Resources */ = {isa = PBXBuildFile; fileRef = DAECEA062935D574005D4A47 /* Assets.xcassets */; };
		DAECEA0A2935D574005D4A47 /* LaunchScreen.storyboard in Resources */ = {isa = PBXBuildFile; fileRef = DAECEA082935D574005D4A47 /* LaunchScreen.storyboard */; };
		DAECEA152935D574005D4A47 /* GeulMarkTests.swift in Sources */ = {isa = PBXBuildFile; fileRef = DAECEA142935D574005D4A47 /* GeulMarkTests.swift */; };
		DAECEA1F2935D574005D4A47 /* GeulMarkUITests.swift in Sources */ = {isa = PBXBuildFile; fileRef = DAECEA1E2935D574005D4A47 /* GeulMarkUITests.swift */; };
		DAECEA212935D574005D4A47 /* GeulMarkUITestsLaunchTests.swift in Sources */ = {isa = PBXBuildFile; fileRef = DAECEA202935D574005D4A47 /* GeulMarkUITestsLaunchTests.swift */; };
/* End PBXBuildFile section */

/* Begin PBXContainerItemProxy section */
		DAECEA112935D574005D4A47 /* PBXContainerItemProxy */ = {
			isa = PBXContainerItemProxy;
			containerPortal = DAECE9F22935D573005D4A47 /* Project object */;
			proxyType = 1;
			remoteGlobalIDString = DAECE9F92935D573005D4A47;
			remoteInfo = GeulMark;
		};
		DAECEA1B2935D574005D4A47 /* PBXContainerItemProxy */ = {
			isa = PBXContainerItemProxy;
			containerPortal = DAECE9F22935D573005D4A47 /* Project object */;
			proxyType = 1;
			remoteGlobalIDString = DAECE9F92935D573005D4A47;
			remoteInfo = GeulMark;
		};
/* End PBXContainerItemProxy section */

/* Begin PBXFileReference section */
		DAECE9FA2935D573005D4A47 /* GeulMark.app */ = {isa = PBXFileReference; explicitFileType = wrapper.application; includeInIndex = 0; path = GeulMark.app; sourceTree = BUILT_PRODUCTS_DIR; };
		DAECE9FD2935D573005D4A47 /* AppDelegate.swift */ = {isa = PBXFileReference; lastKnownFileType = sourcecode.swift; path = AppDelegate.swift; sourceTree = "<group>"; };
		DAECE9FF2935D573005D4A47 /* SceneDelegate.swift */ = {isa = PBXFileReference; lastKnownFileType = sourcecode.swift; path = SceneDelegate.swift; sourceTree = "<group>"; };
		DAECEA012935D573005D4A47 /* ViewController.swift */ = {isa = PBXFileReference; lastKnownFileType = sourcecode.swift; path = ViewController.swift; sourceTree = "<group>"; };
		DAECEA042935D573005D4A47 /* Base */ = {isa = PBXFileReference; lastKnownFileType = file.storyboard; name = Base; path = Base.lproj/Main.storyboard; sourceTree = "<group>"; };
		DAECEA062935D574005D4A47 /* Assets.xcassets */ = {isa = PBXFileReference; lastKnownFileType = folder.assetcatalog; path = Assets.xcassets; sourceTree = "<group>"; };
		DAECEA092935D574005D4A47 /* Base */ = {isa = PBXFileReference; lastKnownFileType = file.storyboard; name = Base; path = Base.lproj/LaunchScreen.storyboard; sourceTree = "<group>"; };
		DAECEA0B2935D574005D4A47 /* Info.plist */ = {isa = PBXFileReference; lastKnownFileType = text.plist.xml; path = Info.plist; sourceTree = "<group>"; };
		DAECEA102935D574005D4A47 /* GeulMarkTests.xctest */ = {isa = PBXFileReference; explicitFileType = wrapper.cfbundle; includeInIndex = 0; path = GeulMarkTests.xctest; sourceTree = BUILT_PRODUCTS_DIR; };
		DAECEA142935D574005D4A47 /* GeulMarkTests.swift */ = {isa = PBXFileReference; lastKnownFileType = sourcecode.swift; path = GeulMarkTests.swift; sourceTree = "<group>"; };
		DAECEA1A2935D574005D4A47 /* GeulMarkUITests.xctest */ = {isa = PBXFileReference; explicitFileType = wrapper.cfbundle; includeInIndex = 0; path = GeulMarkUITests.xctest; sourceTree = BUILT_PRODUCTS_DIR; };
		DAECEA1E2935D574005D4A47 /* GeulMarkUITests.swift */ = {isa = PBXFileReference; lastKnownFileType = sourcecode.swift; path = GeulMarkUITests.swift; sourceTree = "<group>"; };
		DAECEA202935D574005D4A47 /* GeulMarkUITestsLaunchTests.swift */ = {isa = PBXFileReference; lastKnownFileType = sourcecode.swift; path = GeulMarkUITestsLaunchTests.swift; sourceTree = "<group>"; };
/* End PBXFileReference section */

/* Begin PBXFrameworksBuildPhase section */
		DAECE9F72935D573005D4A47 /* Frameworks */ = {
			isa = PBXFrameworksBuildPhase;
			buildActionMask = 2147483647;
			files = (
			);
			runOnlyForDeploymentPostprocessing = 0;
		};
		DAECEA0D2935D574005D4A47 /* Frameworks */ = {
			isa = PBXFrameworksBuildPhase;
			buildActionMask = 2147483647;
			files = (
			);
			runOnlyForDeploymentPostprocessing = 0;
		};
		DAECEA172935D574005D4A47 /* Frameworks */ = {
			isa = PBXFrameworksBuildPhase;
			buildActionMask = 2147483647;
			files = (
			);
			runOnlyForDeploymentPostprocessing = 0;
		};
/* End PBXFrameworksBuildPhase section */

/* Begin PBXGroup section */
		DAECE9F12935D573005D4A47 = {
			isa = PBXGroup;
			children = (
				DAECE9FC2935D573005D4A47 /* GeulMark */,
				DAECEA132935D574005D4A47 /* GeulMarkTests */,
				DAECEA1D2935D574005D4A47 /* GeulMarkUITests */,
				DAECE9FB2935D573005D4A47 /* Products */,
			);
			sourceTree = "<group>";
		};
		DAECE9FB2935D573005D4A47 /* Products */ = {
			isa = PBXGroup;
			children = (
				DAECE9FA2935D573005D4A47 /* GeulMark.app */,
				DAECEA102935D574005D4A47 /* GeulMarkTests.xctest */,
				DAECEA1A2935D574005D4A47 /* GeulMarkUITests.xctest */,
			);
			name = Products;
			sourceTree = "<group>";
		};
		DAECE9FC2935D573005D4A47 /* GeulMark */ = {
			isa = PBXGroup;
			children = (
				DAECE9FD2935D573005D4A47 /* AppDelegate.swift */,
				DAECE9FF2935D573005D4A47 /* SceneDelegate.swift */,
				DAECEA012935D573005D4A47 /* ViewController.swift */,
				DAECEA032935D573005D4A47 /* Main.storyboard */,
				DAECEA062935D574005D4A47 /* Assets.xcassets */,
				DAECEA082935D574005D4A47 /* LaunchScreen.storyboard */,
				DAECEA0B2935D574005D4A47 /* Info.plist */,
			);
			path = GeulMark;
			sourceTree = "<group>";
		};
		DAECEA132935D574005D4A47 /* GeulMarkTests */ = {
			isa = PBXGroup;
			children = (
				DAECEA142935D574005D4A47 /* GeulMarkTests.swift */,
			);
			path = GeulMarkTests;
			sourceTree = "<group>";
		};
		DAECEA1D2935D574005D4A47 /* GeulMarkUITests */ = {
			isa = PBXGroup;
			children = (
				DAECEA1E2935D574005D4A47 /* GeulMarkUITests.swift */,
				DAECEA202935D574005D4A47 /* GeulMarkUITestsLaunchTests.swift */,
			);
			path = GeulMarkUITests;
			sourceTree = "<group>";
		};
/* End PBXGroup section */

/* Begin PBXNativeTarget section */
		DAECE9F92935D573005D4A47 /* GeulMark */ = {
			isa = PBXNativeTarget;
			buildConfigurationList = DAECEA242935D574005D4A47 /* Build configuration list for PBXNativeTarget "GeulMark" */;
			buildPhases = (
				DAECE9F62935D573005D4A47 /* Sources */,
				DAECE9F72935D573005D4A47 /* Frameworks */,
				DAECE9F82935D573005D4A47 /* Resources */,
			);
			buildRules = (
			);
			dependencies = (
			);
			name = GeulMark;
			productName = GeulMark;
			productReference = DAECE9FA2935D573005D4A47 /* GeulMark.app */;
			productType = "com.apple.product-type.application";
		};
		DAECEA0F2935D574005D4A47 /* GeulMarkTests */ = {
			isa = PBXNativeTarget;
			buildConfigurationList = DAECEA272935D574005D4A47 /* Build configuration list for PBXNativeTarget "GeulMarkTests" */;
			buildPhases = (
				DAECEA0C2935D574005D4A47 /* Sources */,
				DAECEA0D2935D574005D4A47 /* Frameworks */,
				DAECEA0E2935D574005D4A47 /* Resources */,
			);
			buildRules = (
			);
			dependencies = (
				DAECEA122935D574005D4A47 /* PBXTargetDependency */,
			);
			name = GeulMarkTests;
			productName = GeulMarkTests;
			productReference = DAECEA102935D574005D4A47 /* GeulMarkTests.xctest */;
			productType = "com.apple.product-type.bundle.unit-test";
		};
		DAECEA192935D574005D4A47 /* GeulMarkUITests */ = {
			isa = PBXNativeTarget;
			buildConfigurationList = DAECEA2A2935D574005D4A47 /* Build configuration list for PBXNativeTarget "GeulMarkUITests" */;
			buildPhases = (
				DAECEA162935D574005D4A47 /* Sources */,
				DAECEA172935D574005D4A47 /* Frameworks */,
				DAECEA182935D574005D4A47 /* Resources */,
			);
			buildRules = (
			);
			dependencies = (
				DAECEA1C2935D574005D4A47 /* PBXTargetDependency */,
			);
			name = GeulMarkUITests;
			productName = GeulMarkUITests;
			productReference = DAECEA1A2935D574005D4A47 /* GeulMarkUITests.xctest */;
			productType = "com.apple.product-type.bundle.ui-testing";
		};
/* End PBXNativeTarget section */

/* Begin PBXProject section */
		DAECE9F22935D573005D4A47 /* Project object */ = {
			isa = PBXProject;
			attributes = {
				BuildIndependentTargetsInParallel = 1;
				LastSwiftUpdateCheck = 1410;
				LastUpgradeCheck = 1410;
				TargetAttributes = {
					DAECE9F92935D573005D4A47 = {
						CreatedOnToolsVersion = 14.1;
					};
					DAECEA0F2935D574005D4A47 = {
						CreatedOnToolsVersion = 14.1;
						TestTargetID = DAECE9F92935D573005D4A47;
					};
					DAECEA192935D574005D4A47 = {
						CreatedOnToolsVersion = 14.1;
						TestTargetID = DAECE9F92935D573005D4A47;
					};
				};
			};
			buildConfigurationList = DAECE9F52935D573005D4A47 /* Build configuration list for PBXProject "GeulMark" */;
			compatibilityVersion = "Xcode 14.0";
			developmentRegion = en;
			hasScannedForEncodings = 0;
			knownRegions = (
				en,
				Base,
			);
			mainGroup = DAECE9F12935D573005D4A47;
			productRefGroup = DAECE9FB2935D573005D4A47 /* Products */;
			projectDirPath = "";
			projectRoot = "";
			targets = (
				DAECE9F92935D573005D4A47 /* GeulMark */,
				DAECEA0F2935D574005D4A47 /* GeulMarkTests */,
				DAECEA192935D574005D4A47 /* GeulMarkUITests */,
			);
		};
/* End PBXProject section */

/* Begin PBXResourcesBuildPhase section */
		DAECE9F82935D573005D4A47 /* Resources */ = {
			isa = PBXResourcesBuildPhase;
			buildActionMask = 2147483647;
			files = (
				DAECEA0A2935D574005D4A47 /* LaunchScreen.storyboard in Resources */,
				DAECEA072935D574005D4A47 /* Assets.xcassets in Resources */,
				DAECEA052935D573005D4A47 /* Main.storyboard in Resources */,
			);
			runOnlyForDeploymentPostprocessing = 0;
		};
		DAECEA0E2935D574005D4A47 /* Resources */ = {
			isa = PBXResourcesBuildPhase;
			buildActionMask = 2147483647;
			files = (
			);
			runOnlyForDeploymentPostprocessing = 0;
		};
		DAECEA182935D574005D4A47 /* Resources */ = {
			isa = PBXResourcesBuildPhase;
			buildActionMask = 2147483647;
			files = (
			);
			runOnlyForDeploymentPostprocessing = 0;
		};
/* End PBXResourcesBuildPhase section */

/* Begin PBXSourcesBuildPhase section */
		DAECE9F62935D573005D4A47 /* Sources */ = {
			isa = PBXSourcesBuildPhase;
			buildActionMask = 2147483647;
			files = (
				DAECEA022935D573005D4A47 /* ViewController.swift in Sources */,
				DAECE9FE2935D573005D4A47 /* AppDelegate.swift in Sources */,
				DAECEA002935D573005D4A47 /* SceneDelegate.swift in Sources */,
			);
			runOnlyForDeploymentPostprocessing = 0;
		};
		DAECEA0C2935D574005D4A47 /* Sources */ = {
			isa = PBXSourcesBuildPhase;
			buildActionMask = 2147483647;
			files = (
				DAECEA152935D574005D4A47 /* GeulMarkTests.swift in Sources */,
			);
			runOnlyForDeploymentPostprocessing = 0;
		};
		DAECEA162935D574005D4A47 /* Sources */ = {
			isa = PBXSourcesBuildPhase;
			buildActionMask = 2147483647;
			files = (
				DAECEA212935D574005D4A47 /* GeulMarkUITestsLaunchTests.swift in Sources */,
				DAECEA1F2935D574005D4A47 /* GeulMarkUITests.swift in Sources */,
			);
			runOnlyForDeploymentPostprocessing = 0;
		};
/* End PBXSourcesBuildPhase section */

/* Begin PBXTargetDependency section */
		DAECEA122935D574005D4A47 /* PBXTargetDependency */ = {
			isa = PBXTargetDependency;
			target = DAECE9F92935D573005D4A47 /* GeulMark */;
			targetProxy = DAECEA112935D574005D4A47 /* PBXContainerItemProxy */;
		};
		DAECEA1C2935D574005D4A47 /* PBXTargetDependency */ = {
			isa = PBXTargetDependency;
			target = DAECE9F92935D573005D4A47 /* GeulMark */;
			targetProxy = DAECEA1B2935D574005D4A47 /* PBXContainerItemProxy */;
		};
/* End PBXTargetDependency section */

/* Begin PBXVariantGroup section */
		DAECEA032935D573005D4A47 /* Main.storyboard */ = {
			isa = PBXVariantGroup;
			children = (
				DAECEA042935D573005D4A47 /* Base */,
			);
			name = Main.storyboard;
			sourceTree = "<group>";
		};
		DAECEA082935D574005D4A47 /* LaunchScreen.storyboard */ = {
			isa = PBXVariantGroup;
			children = (
				DAECEA092935D574005D4A47 /* Base */,
			);
			name = LaunchScreen.storyboard;
			sourceTree = "<group>";
		};
/* End PBXVariantGroup section */

/* Begin XCBuildConfiguration section */
		DAECEA222935D574005D4A47 /* Debug */ = {
			isa = XCBuildConfiguration;
			buildSettings = {
				ALWAYS_SEARCH_USER_PATHS = NO;
				CLANG_ANALYZER_NONNULL = YES;
				CLANG_ANALYZER_NUMBER_OBJECT_CONVERSION = YES_AGGRESSIVE;
				CLANG_CXX_LANGUAGE_STANDARD = "gnu++20";
				CLANG_ENABLE_MODULES = YES;
				CLANG_ENABLE_OBJC_ARC = YES;
				CLANG_ENABLE_OBJC_WEAK = YES;
				CLANG_WARN_BLOCK_CAPTURE_AUTORELEASING = YES;
				CLANG_WARN_BOOL_CONVERSION = YES;
				CLANG_WARN_COMMA = YES;
				CLANG_WARN_CONSTANT_CONVERSION = YES;
				CLANG_WARN_DEPRECATED_OBJC_IMPLEMENTATIONS = YES;
				CLANG_WARN_DIRECT_OBJC_ISA_USAGE = YES_ERROR;
				CLANG_WARN_DOCUMENTATION_COMMENTS = YES;
				CLANG_WARN_EMPTY_BODY = YES;
				CLANG_WARN_ENUM_CONVERSION = YES;
				CLANG_WARN_INFINITE_RECURSION = YES;
				CLANG_WARN_INT_CONVERSION = YES;
				CLANG_WARN_NON_LITERAL_NULL_CONVERSION = YES;
				CLANG_WARN_OBJC_IMPLICIT_RETAIN_SELF = YES;
				CLANG_WARN_OBJC_LITERAL_CONVERSION = YES;
				CLANG_WARN_OBJC_ROOT_CLASS = YES_ERROR;
				CLANG_WARN_QUOTED_INCLUDE_IN_FRAMEWORK_HEADER = YES;
				CLANG_WARN_RANGE_LOOP_ANALYSIS = YES;
				CLANG_WARN_STRICT_PROTOTYPES = YES;
				CLANG_WARN_SUSPICIOUS_MOVE = YES;
				CLANG_WARN_UNGUARDED_AVAILABILITY = YES_AGGRESSIVE;
				CLANG_WARN_UNREACHABLE_CODE = YES;
				CLANG_WARN__DUPLICATE_METHOD_MATCH = YES;
				COPY_PHASE_STRIP = NO;
				DEBUG_INFORMATION_FORMAT = dwarf;
				ENABLE_STRICT_OBJC_MSGSEND = YES;
				ENABLE_TESTABILITY = YES;
				GCC_C_LANGUAGE_STANDARD = gnu11;
				GCC_DYNAMIC_NO_PIC = NO;
				GCC_NO_COMMON_BLOCKS = YES;
				GCC_OPTIMIZATION_LEVEL = 0;
				GCC_PREPROCESSOR_DEFINITIONS = (
					"DEBUG=1",
					"$(inherited)",
				);
				GCC_WARN_64_TO_32_BIT_CONVERSION = YES;
				GCC_WARN_ABOUT_RETURN_TYPE = YES_ERROR;
				GCC_WARN_UNDECLARED_SELECTOR = YES;
				GCC_WARN_UNINITIALIZED_AUTOS = YES_AGGRESSIVE;
				GCC_WARN_UNUSED_FUNCTION = YES;
				GCC_WARN_UNUSED_VARIABLE = YES;
				IPHONEOS_DEPLOYMENT_TARGET = 16.1;
				MTL_ENABLE_DEBUG_INFO = INCLUDE_SOURCE;
				MTL_FAST_MATH = YES;
				ONLY_ACTIVE_ARCH = YES;
				SDKROOT = iphoneos;
				SWIFT_ACTIVE_COMPILATION_CONDITIONS = DEBUG;
				SWIFT_OPTIMIZATION_LEVEL = "-Onone";
			};
			name = Debug;
		};
		DAECEA232935D574005D4A47 /* Release */ = {
			isa = XCBuildConfiguration;
			buildSettings = {
				ALWAYS_SEARCH_USER_PATHS = NO;
				CLANG_ANALYZER_NONNULL = YES;
				CLANG_ANALYZER_NUMBER_OBJECT_CONVERSION = YES_AGGRESSIVE;
				CLANG_CXX_LANGUAGE_STANDARD = "gnu++20";
				CLANG_ENABLE_MODULES = YES;
				CLANG_ENABLE_OBJC_ARC = YES;
				CLANG_ENABLE_OBJC_WEAK = YES;
				CLANG_WARN_BLOCK_CAPTURE_AUTORELEASING = YES;
				CLANG_WARN_BOOL_CONVERSION = YES;
				CLANG_WARN_COMMA = YES;
				CLANG_WARN_CONSTANT_CONVERSION = YES;
				CLANG_WARN_DEPRECATED_OBJC_IMPLEMENTATIONS = YES;
				CLANG_WARN_DIRECT_OBJC_ISA_USAGE = YES_ERROR;
				CLANG_WARN_DOCUMENTATION_COMMENTS = YES;
				CLANG_WARN_EMPTY_BODY = YES;
				CLANG_WARN_ENUM_CONVERSION = YES;
				CLANG_WARN_INFINITE_RECURSION = YES;
				CLANG_WARN_INT_CONVERSION = YES;
				CLANG_WARN_NON_LITERAL_NULL_CONVERSION = YES;
				CLANG_WARN_OBJC_IMPLICIT_RETAIN_SELF = YES;
				CLANG_WARN_OBJC_LITERAL_CONVERSION = YES;
				CLANG_WARN_OBJC_ROOT_CLASS = YES_ERROR;
				CLANG_WARN_QUOTED_INCLUDE_IN_FRAMEWORK_HEADER = YES;
				CLANG_WARN_RANGE_LOOP_ANALYSIS = YES;
				CLANG_WARN_STRICT_PROTOTYPES = YES;
				CLANG_WARN_SUSPICIOUS_MOVE = YES;
				CLANG_WARN_UNGUARDED_AVAILABILITY = YES_AGGRESSIVE;
				CLANG_WARN_UNREACHABLE_CODE = YES;
				CLANG_WARN__DUPLICATE_METHOD_MATCH = YES;
				COPY_PHASE_STRIP = NO;
				DEBUG_INFORMATION_FORMAT = "dwarf-with-dsym";
				ENABLE_NS_ASSERTIONS = NO;
				ENABLE_STRICT_OBJC_MSGSEND = YES;
				GCC_C_LANGUAGE_STANDARD = gnu11;
				GCC_NO_COMMON_BLOCKS = YES;
				GCC_WARN_64_TO_32_BIT_CONVERSION = YES;
				GCC_WARN_ABOUT_RETURN_TYPE = YES_ERROR;
				GCC_WARN_UNDECLARED_SELECTOR = YES;
				GCC_WARN_UNINITIALIZED_AUTOS = YES_AGGRESSIVE;
				GCC_WARN_UNUSED_FUNCTION = YES;
				GCC_WARN_UNUSED_VARIABLE = YES;
				IPHONEOS_DEPLOYMENT_TARGET = 16.1;
				MTL_ENABLE_DEBUG_INFO = NO;
				MTL_FAST_MATH = YES;
				SDKROOT = iphoneos;
				SWIFT_COMPILATION_MODE = wholemodule;
				SWIFT_OPTIMIZATION_LEVEL = "-O";
				VALIDATE_PRODUCT = YES;
			};
			name = Release;
		};
		DAECEA252935D574005D4A47 /* Debug */ = {
			isa = XCBuildConfiguration;
			buildSettings = {
				ASSETCATALOG_COMPILER_APPICON_NAME = AppIcon;
				ASSETCATALOG_COMPILER_GLOBAL_ACCENT_COLOR_NAME = AccentColor;
				CODE_SIGN_STYLE = Automatic;
				CURRENT_PROJECT_VERSION = 1;
				DEVELOPMENT_TEAM = MF7FTLWYJ6;
				GENERATE_INFOPLIST_FILE = YES;
				INFOPLIST_FILE = GeulMark/Info.plist;
				INFOPLIST_KEY_UIApplicationSupportsIndirectInputEvents = YES;
				INFOPLIST_KEY_UILaunchStoryboardName = LaunchScreen;
				INFOPLIST_KEY_UIMainStoryboardFile = Main;
				INFOPLIST_KEY_UISupportedInterfaceOrientations_iPad = "UIInterfaceOrientationPortrait UIInterfaceOrientationPortraitUpsideDown UIInterfaceOrientationLandscapeLeft UIInterfaceOrientationLandscapeRight";
				INFOPLIST_KEY_UISupportedInterfaceOrientations_iPhone = "UIInterfaceOrientationPortrait UIInterfaceOrientationLandscapeLeft UIInterfaceOrientationLandscapeRight";
				LD_RUNPATH_SEARCH_PATHS = (
					"$(inherited)",
					"@executable_path/Frameworks",
				);
				MARKETING_VERSION = 1.0;
				PRODUCT_BUNDLE_IDENTIFIER = com.paulkisq.GeulMark;
				PRODUCT_NAME = "$(TARGET_NAME)";
				SWIFT_EMIT_LOC_STRINGS = YES;
				SWIFT_VERSION = 5.0;
				TARGETED_DEVICE_FAMILY = "1,2";
			};
			name = Debug;
		};
		DAECEA262935D574005D4A47 /* Release */ = {
			isa = XCBuildConfiguration;
			buildSettings = {
				ASSETCATALOG_COMPILER_APPICON_NAME = AppIcon;
				ASSETCATALOG_COMPILER_GLOBAL_ACCENT_COLOR_NAME = AccentColor;
				CODE_SIGN_STYLE = Automatic;
				CURRENT_PROJECT_VERSION = 1;
				DEVELOPMENT_TEAM = MF7FTLWYJ6;
				GENERATE_INFOPLIST_FILE = YES;
				INFOPLIST_FILE = GeulMark/Info.plist;
				INFOPLIST_KEY_UIApplicationSupportsIndirectInputEvents = YES;
				INFOPLIST_KEY_UILaunchStoryboardName = LaunchScreen;
				INFOPLIST_KEY_UIMainStoryboardFile = Main;
				INFOPLIST_KEY_UISupportedInterfaceOrientations_iPad = "UIInterfaceOrientationPortrait UIInterfaceOrientationPortraitUpsideDown UIInterfaceOrientationLandscapeLeft UIInterfaceOrientationLandscapeRight";
				INFOPLIST_KEY_UISupportedInterfaceOrientations_iPhone = "UIInterfaceOrientationPortrait UIInterfaceOrientationLandscapeLeft UIInterfaceOrientationLandscapeRight";
				LD_RUNPATH_SEARCH_PATHS = (
					"$(inherited)",
					"@executable_path/Frameworks",
				);
				MARKETING_VERSION = 1.0;
				PRODUCT_BUNDLE_IDENTIFIER = com.paulkisq.GeulMark;
				PRODUCT_NAME = "$(TARGET_NAME)";
				SWIFT_EMIT_LOC_STRINGS = YES;
				SWIFT_VERSION = 5.0;
				TARGETED_DEVICE_FAMILY = "1,2";
			};
			name = Release;
		};
		DAECEA282935D574005D4A47 /* Debug */ = {
			isa = XCBuildConfiguration;
			buildSettings = {
				ALWAYS_EMBED_SWIFT_STANDARD_LIBRARIES = YES;
				BUNDLE_LOADER = "$(TEST_HOST)";
				CODE_SIGN_STYLE = Automatic;
				CURRENT_PROJECT_VERSION = 1;
				DEVELOPMENT_TEAM = MF7FTLWYJ6;
				GENERATE_INFOPLIST_FILE = YES;
				IPHONEOS_DEPLOYMENT_TARGET = 16.1;
				MARKETING_VERSION = 1.0;
				PRODUCT_BUNDLE_IDENTIFIER = com.paulkisq.GeulMarkTests;
				PRODUCT_NAME = "$(TARGET_NAME)";
				SWIFT_EMIT_LOC_STRINGS = NO;
				SWIFT_VERSION = 5.0;
				TARGETED_DEVICE_FAMILY = "1,2";
				TEST_HOST = "$(BUILT_PRODUCTS_DIR)/GeulMark.app/$(BUNDLE_EXECUTABLE_FOLDER_PATH)/GeulMark";
			};
			name = Debug;
		};
		DAECEA292935D574005D4A47 /* Release */ = {
			isa = XCBuildConfiguration;
			buildSettings = {
				ALWAYS_EMBED_SWIFT_STANDARD_LIBRARIES = YES;
				BUNDLE_LOADER = "$(TEST_HOST)";
				CODE_SIGN_STYLE = Automatic;
				CURRENT_PROJECT_VERSION = 1;
				DEVELOPMENT_TEAM = MF7FTLWYJ6;
				GENERATE_INFOPLIST_FILE = YES;
				IPHONEOS_DEPLOYMENT_TARGET = 16.1;
				MARKETING_VERSION = 1.0;
				PRODUCT_BUNDLE_IDENTIFIER = com.paulkisq.GeulMarkTests;
				PRODUCT_NAME = "$(TARGET_NAME)";
				SWIFT_EMIT_LOC_STRINGS = NO;
				SWIFT_VERSION = 5.0;
				TARGETED_DEVICE_FAMILY = "1,2";
				TEST_HOST = "$(BUILT_PRODUCTS_DIR)/GeulMark.app/$(BUNDLE_EXECUTABLE_FOLDER_PATH)/GeulMark";
			};
			name = Release;
		};
		DAECEA2B2935D574005D4A47 /* Debug */ = {
			isa = XCBuildConfiguration;
			buildSettings = {
				ALWAYS_EMBED_SWIFT_STANDARD_LIBRARIES = YES;
				CODE_SIGN_STYLE = Automatic;
				CURRENT_PROJECT_VERSION = 1;
				DEVELOPMENT_TEAM = MF7FTLWYJ6;
				GENERATE_INFOPLIST_FILE = YES;
				MARKETING_VERSION = 1.0;
				PRODUCT_BUNDLE_IDENTIFIER = com.paulkisq.GeulMarkUITests;
				PRODUCT_NAME = "$(TARGET_NAME)";
				SWIFT_EMIT_LOC_STRINGS = NO;
				SWIFT_VERSION = 5.0;
				TARGETED_DEVICE_FAMILY = "1,2";
				TEST_TARGET_NAME = GeulMark;
			};
			name = Debug;
		};
		DAECEA2C2935D574005D4A47 /* Release */ = {
			isa = XCBuildConfiguration;
			buildSettings = {
				ALWAYS_EMBED_SWIFT_STANDARD_LIBRARIES = YES;
				CODE_SIGN_STYLE = Automatic;
				CURRENT_PROJECT_VERSION = 1;
				DEVELOPMENT_TEAM = MF7FTLWYJ6;
				GENERATE_INFOPLIST_FILE = YES;
				MARKETING_VERSION = 1.0;
				PRODUCT_BUNDLE_IDENTIFIER = com.paulkisq.GeulMarkUITests;
				PRODUCT_NAME = "$(TARGET_NAME)";
				SWIFT_EMIT_LOC_STRINGS = NO;
				SWIFT_VERSION = 5.0;
				TARGETED_DEVICE_FAMILY = "1,2";
				TEST_TARGET_NAME = GeulMark;
			};
			name = Release;
		};
/* End XCBuildConfiguration section */

/* Begin XCConfigurationList section */
		DAECE9F52935D573005D4A47 /* Build configuration list for PBXProject "GeulMark" */ = {
			isa = XCConfigurationList;
			buildConfigurations = (
				DAECEA222935D574005D4A47 /* Debug */,
				DAECEA232935D574005D4A47 /* Release */,
			);
			defaultConfigurationIsVisible = 0;
			defaultConfigurationName = Release;
		};
		DAECEA242935D574005D4A47 /* Build configuration list for PBXNativeTarget "GeulMark" */ = {
			isa = XCConfigurationList;
			buildConfigurations = (
				DAECEA252935D574005D4A47 /* Debug */,
				DAECEA262935D574005D4A47 /* Release */,
			);
			defaultConfigurationIsVisible = 0;
			defaultConfigurationName = Release;
		};
		DAECEA272935D574005D4A47 /* Build configuration list for PBXNativeTarget "GeulMarkTests" */ = {
			isa = XCConfigurationList;
			buildConfigurations = (
				DAECEA282935D574005D4A47 /* Debug */,
				DAECEA292935D574005D4A47 /* Release */,
			);
			defaultConfigurationIsVisible = 0;
			defaultConfigurationName = Release;
		};
		DAECEA2A2935D574005D4A47 /* Build configuration list for PBXNativeTarget "GeulMarkUITests" */ = {
			isa = XCConfigurationList;
			buildConfigurations = (
				DAECEA2B2935D574005D4A47 /* Debug */,
				DAECEA2C2935D574005D4A47 /* Release */,
			);
			defaultConfigurationIsVisible = 0;
			defaultConfigurationName = Release;
		};
/* End XCConfigurationList section */
	};
	rootObject = DAECE9F22935D573005D4A47 /* Project object */;
}
